lockfileVersion: '9.0'

settings:
  autoInstallPeers: true
  excludeLinksFromLockfile: false

importers:

  .:
    dependencies:
      '@manycore/aholo-splat-transform':
        specifier: 1.6.0
        version: 1.6.0

packages:

  '@manycore/aholo-splat-transform-darwin-arm64@1.6.0':
    resolution: {integrity: sha512-61td414/mZwSoPRsTKnz5TiDArdxZQf0UXJUAUpmY6VkzKtOgupDdsOLhqdGTLKYBqLUS8/fuT1IYXlmsPsCCA==}
    cpu: [arm64]
    os: [darwin]

  '@manycore/aholo-splat-transform-linux-arm64-gnu@1.6.0':
    resolution: {integrity: sha512-n9T3vsiHWXruucWKSLtsjI7oEizlMw4hKsA1VOaWI3yoGQF6xEGwrmpcGpQZcQAK2SB6Uo3Y+afWetlYTzmScA==}
    cpu: [arm64]
    os: [linux]
    libc: [glibc]

  '@manycore/aholo-splat-transform-linux-x64-gnu@1.6.0':
    resolution: {integrity: sha512-Cb5wGyjJhRd/1lREenl4nyGMGgMFx98oCTDBgDWBWIAZv5L+UBpLP7D1FjfUy5t59+uIcpTBAmgx/9QbKCDchQ==}
    cpu: [x64]
    os: [linux]
    libc: [glibc]

  '@manycore/aholo-splat-transform-win32-arm64-msvc@1.6.0':
    resolution: {integrity: sha512-7cpJnsfHvB2vMtGsXAKRRm8PvJomLMCAsB4XhKs6IRrs3egzFp+r+zPqSmuEZ06r7vfT2nou08SASx9k7rCmbw==}
    cpu: [arm64]
    os: [win32]

  '@manycore/aholo-splat-transform-win32-x64-msvc@1.6.0':
    resolution: {integrity: sha512-svGql9V6os1ro6/SmFm2xkocBcuWJ/F6qIqLCP92UzOL4QiF7Wx3fVl1b6is0m7iRfceIr6RfrHt/KtTx8dsRQ==}
    cpu: [x64]
    os: [win32]

  '@manycore/aholo-splat-transform@1.6.0':
    resolution: {integrity: sha512-3RyPBlt8nZ+tyuDcCFtUekaKZi3MERlUwqKI5dQH7rLWqfs5kd1XX/pEAZGN9o52aC49SZcQAPoAut2J+spdpA==}
    engines: {node: '>= 22.22.1'}
    hasBin: true

  commander@15.0.0:
    resolution: {integrity: sha512-z67u4ZhzCL/Tydu1lJARtEZYWbWaN7oYLHbsuzocr6y4N6WZAagG3RQ4FW61V1/0+jImpj293XfrcYnd1qxtPg==}
    engines: {node: '>=22.12.0'}

  fflate@0.8.3:
    resolution: {integrity: sha512-tbZNuJrLwGUp3zshBtdy4W+ORxZuIh8a5ilyIEQDC5rY1f3U20JMry0Ll3WBzU58EZKsEuJFXhb5gwv8CsPvgA==}

  tslib@2.8.1:
    resolution: {integrity: sha512-oJFu94HQb+KVduSUQL7wnpmqnfmLsOA/nAh6b6EH0wCEoK0/mPeXU6c3wKDV83MkOuHPRHtSXKKU99IBazS/2w==}

snapshots:

  '@manycore/aholo-splat-transform-darwin-arm64@1.6.0':
    optional: true

  '@manycore/aholo-splat-transform-linux-arm64-gnu@1.6.0':
    optional: true

  '@manycore/aholo-splat-transform-linux-x64-gnu@1.6.0':
    optional: true

  '@manycore/aholo-splat-transform-win32-arm64-msvc@1.6.0':
    optional: true

  '@manycore/aholo-splat-transform-win32-x64-msvc@1.6.0':
    optional: true

  '@manycore/aholo-splat-transform@1.6.0':
    dependencies:
      commander: 15.0.0
      fflate: 0.8.3
      tslib: 2.8.1
    optionalDependencies:
      '@manycore/aholo-splat-transform-darwin-arm64': 1.6.0
      '@manycore/aholo-splat-transform-linux-arm64-gnu': 1.6.0
      '@manycore/aholo-splat-transform-linux-x64-gnu': 1.6.0
      '@manycore/aholo-splat-transform-win32-arm64-msvc': 1.6.0
      '@manycore/aholo-splat-transform-win32-x64-msvc': 1.6.0

  commander@15.0.0: {}

  fflate@0.8.3: {}

  tslib@2.8.1: {}
