lockfileVersion: '9.0'

settings:
  autoInstallPeers: true
  excludeLinksFromLockfile: false

importers:

  .:
    dependencies:
      '@manycore/aholo-splat-transform':
        specifier: 1.4.1
        version: 1.4.1

packages:

  '@manycore/aholo-splat-transform-darwin-arm64@1.4.1':
    resolution: {integrity: sha512-LJlu8kJ4cc0lnYy928tfP4sRRiZkR3q3jNaXzQ+mExCxHVNizaSBTqZDW4AouOSwARyQ10mpcGi9wqKsXg3f7Q==}
    cpu: [arm64]
    os: [darwin]

  '@manycore/aholo-splat-transform-linux-arm64-gnu@1.4.1':
    resolution: {integrity: sha512-7aIDJeGnCNdzfBZKBkzAl7ow5kP0GiBddNoQS6ys4PwYHTAyy2QrtodOVJXvleyivhzmY6Mmq92fDHsGRBed3A==}
    cpu: [arm64]
    os: [linux]
    libc: [glibc]

  '@manycore/aholo-splat-transform-linux-x64-gnu@1.4.1':
    resolution: {integrity: sha512-cZ32wpX0nD7dcM5CtQz+1sXS75csdoR4HXTgXAqqwrR27qYKX9A4LDDTS0hJvYXwHIT3fdWEpBsZ4/luqFMd4g==}
    cpu: [x64]
    os: [linux]
    libc: [glibc]

  '@manycore/aholo-splat-transform-win32-arm64-msvc@1.4.1':
    resolution: {integrity: sha512-9pqDWWjzp0eli9KPUEmjyJZwWd40gZqABtcr4+HWTsFMSRYnts9zjP6vbcTNNw1sO3+l45Ii8vu6nQoWe8agRg==}
    cpu: [arm64]
    os: [win32]

  '@manycore/aholo-splat-transform-win32-x64-msvc@1.4.1':
    resolution: {integrity: sha512-IeSaJVWBESsGRcRtQSPP+e+gEMjfJ+Ff8b9C7cZyjbFCrXmqL7UCXEzdCbguOishTXK31376qP/FqKl5JvgfJw==}
    cpu: [x64]
    os: [win32]

  '@manycore/aholo-splat-transform@1.4.1':
    resolution: {integrity: sha512-7rS/ttgom1H7MoS3SSXSh7DCiFbPwxC6XXoQguxReqwk+NLIkbAO7pvUCNazG+qN1JPH6nwQ8aYU6IIHtCnpNQ==}
    engines: {node: '>= 22.22.1'}
    hasBin: true

  commander@15.0.0:
    resolution: {integrity: sha512-z67u4ZhzCL/Tydu1lJARtEZYWbWaN7oYLHbsuzocr6y4N6WZAagG3RQ4FW61V1/0+jImpj293XfrcYnd1qxtPg==}
    engines: {node: '>=22.12.0'}

  fflate@0.8.3:
    resolution: {integrity: sha512-tbZNuJrLwGUp3zshBtdy4W+ORxZuIh8a5ilyIEQDC5rY1f3U20JMry0Ll3WBzU58EZKsEuJFXhb5gwv8CsPvgA==}

  tslib@2.8.1:
    resolution: {integrity: sha512-oJFu94HQb+KVduSUQL7wnpmqnfmLsOA/nAh6b6EH0wCEoK0/mPeXU6c3wKDV83MkOuHPRHtSXKKU99IBazS/2w==}

snapshots:

  '@manycore/aholo-splat-transform-darwin-arm64@1.4.1':
    optional: true

  '@manycore/aholo-splat-transform-linux-arm64-gnu@1.4.1':
    optional: true

  '@manycore/aholo-splat-transform-linux-x64-gnu@1.4.1':
    optional: true

  '@manycore/aholo-splat-transform-win32-arm64-msvc@1.4.1':
    optional: true

  '@manycore/aholo-splat-transform-win32-x64-msvc@1.4.1':
    optional: true

  '@manycore/aholo-splat-transform@1.4.1':
    dependencies:
      commander: 15.0.0
      fflate: 0.8.3
      tslib: 2.8.1
    optionalDependencies:
      '@manycore/aholo-splat-transform-darwin-arm64': 1.4.1
      '@manycore/aholo-splat-transform-linux-arm64-gnu': 1.4.1
      '@manycore/aholo-splat-transform-linux-x64-gnu': 1.4.1
      '@manycore/aholo-splat-transform-win32-arm64-msvc': 1.4.1
      '@manycore/aholo-splat-transform-win32-x64-msvc': 1.4.1

  commander@15.0.0: {}

  fflate@0.8.3: {}

  tslib@2.8.1: {}
