lockfileVersion: '9.0'

settings:
  autoInstallPeers: true
  excludeLinksFromLockfile: false

importers:

  .:
    dependencies:
      '@manycore/aholo-splat-transform':
        specifier: 1.6.1
        version: 1.6.1

packages:

  '@manycore/aholo-splat-transform-darwin-arm64@1.6.1':
    resolution: {integrity: sha512-JPK+RLijDmhh7Mk6I21eOsmZjsSrmQY3KuPwLzFyCzUnVkoJ5FofaAUwD54mkBe08S3602TqzYgJ0b0uBZ1CcQ==}
    cpu: [arm64]
    os: [darwin]

  '@manycore/aholo-splat-transform-linux-arm64-gnu@1.6.1':
    resolution: {integrity: sha512-h4+Pg6e3BX5NDlrWASxJds34cjiBFSKYmY4UQEZe6SwmC2Cdahv4dS8wxF9qd3NHti45fk0Xg0+52TJKGtzwsg==}
    cpu: [arm64]
    os: [linux]
    libc: [glibc]

  '@manycore/aholo-splat-transform-linux-x64-gnu@1.6.1':
    resolution: {integrity: sha512-6tvFYSN58eIWTvNJSurw9l22vevtyL462LCuUrf+mR2tPAHwLUryUWbgOJuW5VeaZ/WU2m4JgUcNVlFkT5iWMA==}
    cpu: [x64]
    os: [linux]
    libc: [glibc]

  '@manycore/aholo-splat-transform-win32-arm64-msvc@1.6.1':
    resolution: {integrity: sha512-71KBGs613UTuJIngwsxdfbyqUtinZK/Tfglz2AMRaSPzDU4J/m54tIu9zkGNIbkLRy+m/AWEJUUSAxPM4+cRMw==}
    cpu: [arm64]
    os: [win32]

  '@manycore/aholo-splat-transform-win32-x64-msvc@1.6.1':
    resolution: {integrity: sha512-NVOJx08aKq2uCqZLxnMc2HQedpA6RPhpDueejIiWpDz+/Phgg2XzBbEdmNmaUEx9auyCHFeDLuo7w8YAESkQKw==}
    cpu: [x64]
    os: [win32]

  '@manycore/aholo-splat-transform@1.6.1':
    resolution: {integrity: sha512-QCeX3FEoDOFwhgKeB6jKMuac575VSGOg1awbExKrfe90F1YdONKT7caEMOD8QNGuUUIdvYtf0HJGwnffS0lj1Q==}
    engines: {node: '>= 22.22.1'}
    hasBin: true

  commander@15.0.0:
    resolution: {integrity: sha512-z67u4ZhzCL/Tydu1lJARtEZYWbWaN7oYLHbsuzocr6y4N6WZAagG3RQ4FW61V1/0+jImpj293XfrcYnd1qxtPg==}
    engines: {node: '>=22.12.0'}

  fflate@0.8.3:
    resolution: {integrity: sha512-tbZNuJrLwGUp3zshBtdy4W+ORxZuIh8a5ilyIEQDC5rY1f3U20JMry0Ll3WBzU58EZKsEuJFXhb5gwv8CsPvgA==}

  tslib@2.8.1:
    resolution: {integrity: sha512-oJFu94HQb+KVduSUQL7wnpmqnfmLsOA/nAh6b6EH0wCEoK0/mPeXU6c3wKDV83MkOuHPRHtSXKKU99IBazS/2w==}

snapshots:

  '@manycore/aholo-splat-transform-darwin-arm64@1.6.1':
    optional: true

  '@manycore/aholo-splat-transform-linux-arm64-gnu@1.6.1':
    optional: true

  '@manycore/aholo-splat-transform-linux-x64-gnu@1.6.1':
    optional: true

  '@manycore/aholo-splat-transform-win32-arm64-msvc@1.6.1':
    optional: true

  '@manycore/aholo-splat-transform-win32-x64-msvc@1.6.1':
    optional: true

  '@manycore/aholo-splat-transform@1.6.1':
    dependencies:
      commander: 15.0.0
      fflate: 0.8.3
      tslib: 2.8.1
    optionalDependencies:
      '@manycore/aholo-splat-transform-darwin-arm64': 1.6.1
      '@manycore/aholo-splat-transform-linux-arm64-gnu': 1.6.1
      '@manycore/aholo-splat-transform-linux-x64-gnu': 1.6.1
      '@manycore/aholo-splat-transform-win32-arm64-msvc': 1.6.1
      '@manycore/aholo-splat-transform-win32-x64-msvc': 1.6.1

  commander@15.0.0: {}

  fflate@0.8.3: {}

  tslib@2.8.1: {}
